{
  "nodes": {
    "agent-skills-nix": {
      "inputs": {
        "nixpkgs": [
          "nixpkgs"
        ]
      },
      "locked": {
        "lastModified": 1790154098,
        "narHash": "sha256-SviEpvFefXCPOmQ2b41c4ujE7BzWYJ/h8p/HZNxD2B8=",
        "owner": "Kyure-A",
        "repo": "agent-skills-nix",
        "rev": "dc122af897ab9a685c20ae54c639021619dbbb52",
        "type": "github"
      },
      "original": {
        "owner": "Kyure-A",
        "repo": "agent-skills-nix",
        "type": "github"
      }
    },
    "base16": {
      "inputs": {
        "fromYaml": "fromYaml"
      },
      "locked": {
        "lastModified": 1755819240,
        "narHash": "sha256-qcMhnL7aGAuFuutH4rq9fvAhCpJWVHLcHVZLtPctPlo=",
        "owner": "SenchoPens",
        "repo": "base16.nix",
        "rev": "75ed5e5e3fce37df22e49125181fa37899c3ccd6",
        "type": "github"
      },
      "original": {
        "owner": "SenchoPens",
        "repo": "base16.nix",
        "type": "github"
      }
    },
    "base16-fish": {
      "flake": false,
      "locked": {
        "lastModified": 1765809053,
        "narHash": "sha256-XCUQLoLfBJ8saWms2HCIj4NEN+xNsWBlU1NrEPcQG4s=",
        "owner": "tomyun",
        "repo": "base16-fish",
        "rev": "86cbea4dca62e08fb7fd83a70e96472f92574782",
        "type": "github"
      },
      "original": {
        "owner": "tomyun",
        "repo": "base16-fish",
        "rev": "86cbea4dca62e08fb7fd83a70e96472f92574782",
        "type": "github"
      }
    },
    "base16-helix": {
      "flake": false,
      "locked": {
        "lastModified": 1776754714,
        "narHash": "sha256-E3OAK27smtATTmX45uoTSRsVD+Y+ZiVVfgM/tjpbtYg=",
        "owner": "tinted-theming",
        "repo": "base16-helix",
        "rev": "4d508123037e7851ad36ebf7d9c48b0e9e1eb581",
        "type": "github"
      },
      "original": {
        "owner": "tinted-theming",
        "repo": "base16-helix",
        "type": "github"
      }
    },
    "base16-vim": {
      "flake": false,
      "locked": {
        "lastModified": 1732806396,
        "narHash": "sha256-e0bpPySdJf0F68Ndanwm+KWHgQiZ0s7liLhvJSWDNsA=",
        "owner": "tinted-theming",
        "repo": "base16-vim",
        "rev": "577fe8125d74ff456cf942c733a85d769afe58b7",
        "type": "github"
      },
      "original": {
        "owner": "tinted-theming",
        "repo": "base16-vim",
        "rev": "577fe8125d74ff456cf942c733a85d769afe58b7",
        "type": "github"
      }
    },
    "bun2nix": {
      "inputs": {
        "flake-parts": [
          "llm-agents-nix",
          "flake-parts"
        ],
        "nixpkgs": [
          "llm-agents-nix",
          "nixpkgs"
        ],
        "systems": [
          "llm-agents-nix",
          "systems"
        ],
        "treefmt-nix": [
          "llm-agents-nix",
          "treefmt-nix"
        ]
      },
      "locked": {
        "lastModified": 1790001035,
        "narHash": "sha256-1/SLBjSYBzDdDhvLQ83wrzBakyS/xNGgtxHGNuveOEQ=",
        "owner": "Mic92",
        "repo": "bun2nix",
        "rev": "07a5bfc8ac36c5370199343fa620b69f63186e33",
        "type": "github"
      },
      "original": {
        "owner": "Mic92",
        "ref": "llm-agents",
        "repo": "bun2nix",
        "type": "github"
      }
    },
    "crane": {
      "locked": {
        "lastModified": 1789760033,
        "narHash": "sha256-jtT4yxZpR8seYnlCMMWSSPlFN92zO6ICuZ8pJrmi86k=",
        "owner": "ipetkov",
        "repo": "crane",
        "rev": "73b980519cefc727a5f6cc8e5c0947a2f9be6edd",
        "type": "github"
      },
      "original": {
        "owner": "ipetkov",
        "repo": "crane",
        "type": "github"
      }
    },
    "crane_2": {
      "locked": {
        "lastModified": 1785782307,
        "narHash": "sha256-MPaRdVkf6zZP5fCPxYCi8Dr4pZzgmXzg8T9nVEbp3Mw=",
        "owner": "ipetkov",
        "repo": "crane",
        "rev": "2c71e194474d13de031d729b729c968ddbe3507f",
        "type": "github"
      },
      "original": {
        "owner": "ipetkov",
        "repo": "crane",
        "type": "github"
      }
    },
    "dank-greeter": {
      "inputs": {
        "dank-qml-common": "dank-qml-common",
        "nixpkgs": [
          "nixpkgs"
        ]
      },
      "locked": {
        "lastModified": 1791169196,
        "narHash": "sha256-6ZTVjvbZ2K0ph+Ez3JvobLvSaL2HEOes+ZINU+2Nwsk=",
        "owner": "AvengeMedia",
        "repo": "dank-greeter",
        "rev": "89ad6d98ba7d47149046a66ac3fe7ea1d3deaf8f",
        "type": "github"
      },
      "original": {
        "owner": "AvengeMedia",
        "repo": "dank-greeter",
        "type": "github"
      }
    },
    "dank-qml-common": {
      "flake": false,
      "locked": {
        "lastModified": 1791168560,
        "narHash": "sha256-9D1UUgi8+Q2+wrfCkjYL8bwzH4zXxut5MAUoad6wqpM=",
        "owner": "AvengeMedia",
        "repo": "dank-qml-common",
        "rev": "a2a6b63d1dd49a108044a8d0fd79990646609ddf",
        "type": "github"
      },
      "original": {
        "owner": "AvengeMedia",
        "repo": "dank-qml-common",
        "type": "github"
      }
    },
    "dank-qml-common_2": {
      "flake": false,
      "locked": {
        "lastModified": 1790956339,
        "narHash": "sha256-NxZipAzWqaXTFfa1BL+huPgdIydzdrE9hyk/WKuIXOg=",
        "owner": "AvengeMedia",
        "repo": "dank-qml-common",
        "rev": "16c01d7c8f55a98552abdb48105724720c19007b",
        "type": "github"
      },
      "original": {
        "owner": "AvengeMedia",
        "repo": "dank-qml-common",
        "type": "github"
      }
    },
    "dank-qml-common_3": {
      "flake": false,
      "locked": {
        "lastModified": 1791237894,
        "narHash": "sha256-O2Gsf++QDSD7GHXGitFHvHKW+5jaYkTwKZb40U7EB2U=",
        "owner": "AvengeMedia",
        "repo": "dank-qml-common",
        "rev": "b5b7639693b2c83f0f97ddd2af3d60d559174846",
        "type": "github"
      },
      "original": {
        "owner": "AvengeMedia",
        "repo": "dank-qml-common",
        "type": "github"
      }
    },
    "dankcalendar": {
      "inputs": {
        "dank-qml-common": "dank-qml-common_2",
        "nixpkgs": [
          "nixpkgs"
        ]
      },
      "locked": {
        "lastModified": 1790956472,
        "narHash": "sha256-HVtjYHhEp+VLFUeGAoVUv4DFpfDjky2V0GNHSw/aOF4=",
        "owner": "AvengeMedia",
        "repo": "dankcalendar",
        "rev": "2a83295c9f61b5fda9e8452567fe24d4107635a6",
        "type": "github"
      },
      "original": {
        "owner": "AvengeMedia",
        "repo": "dankcalendar",
        "type": "github"
      }
    },
    "danksearch": {
      "inputs": {
        "nixpkgs": [
          "nixpkgs"
        ]
      },
      "locked": {
        "lastModified": 1788455393,
        "narHash": "sha256-C9mVxnPCaA6mtz8H5GwMfBjOdhLRmXrpzcDc7z99iOo=",
        "owner": "AvengeMedia",
        "repo": "danksearch",
        "rev": "984f86e644a93d2a366d960e3c56233260a501de",
        "type": "github"
      },
      "original": {
        "owner": "AvengeMedia",
        "repo": "danksearch",
        "type": "github"
      }
    },
    "disko": {
      "inputs": {
        "nixpkgs": [
          "nixpkgs"
        ]
      },
      "locked": {
        "lastModified": 1789770686,
        "narHash": "sha256-uZkBR7yHdIKUFB5SZdfgh1qkGfI3XmYmI/lTiquxbck=",
        "owner": "nix-community",
        "repo": "disko",
        "rev": "725ea35e410ad83be4931d1bff7e090eacaf3563",
        "type": "github"
      },
      "original": {
        "owner": "nix-community",
        "repo": "disko",
        "type": "github"
      }
    },
    "dms": {
      "inputs": {
        "dank-qml-common": "dank-qml-common_3",
        "flake-compat": "flake-compat",
        "nixpkgs": [
          "nixpkgs"
        ]
      },
      "locked": {
        "lastModified": 1791237907,
        "narHash": "sha256-KYIL7OPLwQLUr9fgkl63GJeNMUtwu4iS+c3tBjVNcWU=",
        "owner": "AvengeMedia",
        "repo": "DankMaterialShell",
        "rev": "9ec48c4f1382e76ffa7dfd71b810a8539a707a3e",
        "type": "github"
      },
      "original": {
        "owner": "AvengeMedia",
        "repo": "DankMaterialShell",
        "type": "github"
      }
    },
    "dms-plugin-registry": {
      "inputs": {
        "nixpkgs": [
          "nixpkgs"
        ]
      },
      "locked": {
        "lastModified": 1791208088,
        "narHash": "sha256-W92PyeIn5BBXFNQ+AxOBVzXebx7CULe9zKbjnnTN1gg=",
        "owner": "AvengeMedia",
        "repo": "dms-plugin-registry",
        "rev": "fe104a414f09a9ada17ad2852943de6717a36671",
        "type": "github"
      },
      "original": {
        "owner": "AvengeMedia",
        "repo": "dms-plugin-registry",
        "type": "github"
      }
    },
    "edgepad": {
      "inputs": {
        "nixpkgs": [
          "nixpkgs"
        ],
        "rust-overlay": [
          "rust-overlay"
        ]
      },
      "locked": {
        "lastModified": 1789637141,
        "narHash": "sha256-DeUmu/mzLoIySbulHOmyI1iJjlPfxpg3tQ/65InzmxY=",
        "owner": "assembledev",
        "repo": "edgepad",
        "rev": "cdd3fd91dc36d32e56fab0de04fe05cb66601a32",
        "type": "github"
      },
      "original": {
        "owner": "assembledev",
        "repo": "edgepad",
        "type": "github"
      }
    },
    "fingerprint-lid-guard": {
      "locked": {
        "lastModified": 1780550716,
        "narHash": "sha256-qmcelndLiUCyBnoJyGnoRiG44/moWcrOqt6q7IOynOE=",
        "owner": "TimP4w",
        "repo": "nix-fingerprint-lid-guard",
        "rev": "c1dd32ae32a932d7aa8cecc6869ae83aefdbd133",
        "type": "github"
      },
      "original": {
        "owner": "TimP4w",
        "repo": "nix-fingerprint-lid-guard",
        "type": "github"
      }
    },
    "firefox-gnome-theme": {
      "flake": false,
      "locked": {
        "lastModified": 1783570805,
        "narHash": "sha256-ptl5aRlCv9/uRSv2u8Hq8UFVFeZ6Q/bT049bpqNgc3w=",
        "owner": "rafaelmardojai",
        "repo": "firefox-gnome-theme",
        "rev": "5602ed62d638142c1ab31dccd01dfbfb28841225",
        "type": "github"
      },
      "original": {
        "owner": "rafaelmardojai",
        "repo": "firefox-gnome-theme",
        "type": "github"
      }
    },
    "flake-compat": {
      "flake": false,
      "locked": {
        "lastModified": 1767039857,
        "narHash": "sha256-vNpUSpF5Nuw8xvDLj2KCwwksIbjua2LZCqhV1LNRDns=",
        "owner": "NixOS",
        "repo": "flake-compat",
        "rev": "5edf11c44bc78a0d334f6334cdaf7d60d732daab",
        "type": "github"
      },
      "original": {
        "owner": "NixOS",
        "repo": "flake-compat",
        "type": "github"
      }
    },
    "flake-parts": {
      "inputs": {
        "nixpkgs-lib": [
          "nixpkgs"
        ]
      },
      "locked": {
        "lastModified": 1790898470,
        "narHash": "sha256-zTwuwezD0w3hpga6a6P8emidzAZFyWqlNeRBlpWOOl8=",
        "owner": "hercules-ci",
        "repo": "flake-parts",
        "rev": "024633cd702b10285db5cb19b40ad48d2399ba60",
        "type": "github"
      },
      "original": {
        "owner": "hercules-ci",
        "repo": "flake-parts",
        "type": "github"
      }
    },
    "flake-utils": {
      "inputs": {
        "systems": [
          "systems"
        ]
      },
      "locked": {
        "lastModified": 1731533236,
        "narHash": "sha256-l0KFg5HjrsfsO/JpG+r7fRrqm12kzFHyUHqHCVpMMbI=",
        "owner": "numtide",
        "repo": "flake-utils",
        "rev": "11707dc2f618dd54ca8739b309ec4fc024de578b",
        "type": "github"
      },
      "original": {
        "owner": "numtide",
        "repo": "flake-utils",
        "type": "github"
      }
    },
    "flake-utils_2": {
      "inputs": {
        "systems": [
          "systems"
        ]
      },
      "locked": {
        "lastModified": 1731533236,
        "narHash": "sha256-l0KFg5HjrsfsO/JpG+r7fRrqm12kzFHyUHqHCVpMMbI=",
        "owner": "numtide",
        "repo": "flake-utils",
        "rev": "11707dc2f618dd54ca8739b309ec4fc024de578b",
        "type": "github"
      },
      "original": {
        "owner": "numtide",
        "repo": "flake-utils",
        "type": "github"
      }
    },
    "flake-utils_3": {
      "inputs": {
        "systems": [
          "systems"
        ]
      },
      "locked": {
        "lastModified": 1731533236,
        "narHash": "sha256-l0KFg5HjrsfsO/JpG+r7fRrqm12kzFHyUHqHCVpMMbI=",
        "owner": "numtide",
        "repo": "flake-utils",
        "rev": "11707dc2f618dd54ca8739b309ec4fc024de578b",
        "type": "github"
      },
      "original": {
        "owner": "numtide",
        "repo": "flake-utils",
        "type": "github"
      }
    },
    "flake-utils_4": {
      "inputs": {
        "systems": [
          "systems"
        ]
      },
      "locked": {
        "lastModified": 1731533236,
        "narHash": "sha256-l0KFg5HjrsfsO/JpG+r7fRrqm12kzFHyUHqHCVpMMbI=",
        "owner": "numtide",
        "repo": "flake-utils",
        "rev": "11707dc2f618dd54ca8739b309ec4fc024de578b",
        "type": "github"
      },
      "original": {
        "owner": "numtide",
        "repo": "flake-utils",
        "type": "github"
      }
    },
    "fromYaml": {
      "flake": false,
      "locked": {
        "lastModified": 1731966426,
        "narHash": "sha256-lq95WydhbUTWig/JpqiB7oViTcHFP8Lv41IGtayokA8=",
        "owner": "SenchoPens",
        "repo": "fromYaml",
        "rev": "106af9e2f715e2d828df706c386a685698f3223b",
        "type": "github"
      },
      "original": {
        "owner": "SenchoPens",
        "repo": "fromYaml",
        "type": "github"
      }
    },
    "gnome-shell": {
      "flake": false,
      "locked": {
        "host": "gitlab.gnome.org",
        "lastModified": 1776175984,
        "narHash": "sha256-RJFlFW8GiMei6oqUGrMkGEvVqOH8U7Q8abc1yK4VKD8=",
        "owner": "GNOME",
        "repo": "gnome-shell",
        "rev": "e0fdc4c13250e9a9b8ea9594c83925274f4a5dca",
        "type": "gitlab"
      },
      "original": {
        "host": "gitlab.gnome.org",
        "owner": "GNOME",
        "ref": "50.1",
        "repo": "gnome-shell",
        "type": "gitlab"
      }
    },
    "hister": {
      "inputs": {
        "flake-parts": [
          "flake-parts"
        ],
        "nixpkgs": [
          "nixpkgs"
        ]
      },
      "locked": {
        "lastModified": 1790242729,
        "narHash": "sha256-8FKieCq7T87wIawCjVoto2kX1PU2sV1LFQtz2nydzBM=",
        "owner": "asciimoo",
        "repo": "hister",
        "rev": "0b3b8cd7566705455f1ef643a41510105e17b9fa",
        "type": "github"
      },
      "original": {
        "owner": "asciimoo",
        "ref": "v0.20.0",
        "repo": "hister",
        "type": "github"
      }
    },
    "home-manager": {
      "inputs": {
        "nixpkgs": [
          "nixpkgs"
        ]
      },
      "locked": {
        "lastModified": 1791163078,
        "narHash": "sha256-DiuwfdoZtEqVRsWuAhXcHa+cfvkr0t/xWW8ugkcxNyI=",
        "owner": "nix-community",
        "repo": "home-manager",
        "rev": "f53f3267f5d009dd8f99443505e609389d7ff267",
        "type": "github"
      },
      "original": {
        "owner": "nix-community",
        "repo": "home-manager",
        "type": "github"
      }
    },
    "import-tree": {
      "locked": {
        "lastModified": 1788467110,
        "narHash": "sha256-ljEMTXP/rH0tOvDzc9gzwww6KcHRPRnEHzd9lK48V7s=",
        "owner": "vic",
        "repo": "import-tree",
        "rev": "eb1b52eaecc57f7c136d07ae8a93e724dfecac46",
        "type": "github"
      },
      "original": {
        "owner": "vic",
        "repo": "import-tree",
        "type": "github"
      }
    },
    "llm-agents-nix": {
      "inputs": {
        "bun2nix": "bun2nix",
        "flake-parts": [
          "flake-parts"
        ],
        "nixpkgs": [
          "nixpkgs"
        ],
        "systems": [
          "systems"
        ],
        "treefmt-nix": "treefmt-nix"
      },
      "locked": {
        "lastModified": 1791175671,
        "narHash": "sha256-1szYaEAFYPApOgy2HGLbqtVys8SIqk5mlvz9agPFLr0=",
        "owner": "numtide",
        "repo": "llm-agents.nix",
        "rev": "ba24820b562c0e1ff95d283a2e2e1debcbcbad83",
        "type": "github"
      },
      "original": {
        "owner": "numtide",
        "repo": "llm-agents.nix",
        "type": "github"
      }
    },
    "mdbrowse": {
      "inputs": {
        "flake-utils": "flake-utils",
        "nixpkgs": [
          "nixpkgs"
        ]
      },
      "locked": {
        "lastModified": 1790873419,
        "narHash": "sha256-5Lgfu1obMhS/TnUUhCJei7pRKuRDh1P8kEYRDUUSN1c=",
        "owner": "yuxqiu",
        "repo": "mdbrowse",
        "rev": "992720b8b5eac5240a37f13a46a9b4f9c88856c0",
        "type": "github"
      },
      "original": {
        "owner": "yuxqiu",
        "repo": "mdbrowse",
        "type": "github"
      }
    },
    "multiverse": {
      "locked": {
        "lastModified": 1791188868,
        "narHash": "sha256-s6KyeKdvqevM2Yc+2th/QcehIrl6uhPePGXHx9GfglI=",
        "owner": "fzakaria",
        "repo": "nixpkgs-multiverse",
        "rev": "f97ec68b6acf34f7534506e59597f371b7d85579",
        "type": "github"
      },
      "original": {
        "owner": "fzakaria",
        "repo": "nixpkgs-multiverse",
        "type": "github"
      }
    },
    "nix-flatpak": {
      "locked": {
        "lastModified": 1767983141,
        "narHash": "sha256-7ZCulYUD9RmJIDULTRkGLSW1faMpDlPKcbWJLYHoXcs=",
        "owner": "gmodena",
        "repo": "nix-flatpak",
        "rev": "440818969ac2cbd77bfe025e884d0aa528991374",
        "type": "github"
      },
      "original": {
        "owner": "gmodena",
        "ref": "v0.7.0",
        "repo": "nix-flatpak",
        "type": "github"
      }
    },
    "nix-index-database": {
      "inputs": {
        "nixpkgs": [
          "nixpkgs"
        ]
      },
      "locked": {
        "lastModified": 1791105314,
        "narHash": "sha256-oTM7QFgRQ+vxBpMBMc7hEYpqBtpXAzXu2xuB/tru84U=",
        "owner": "nix-community",
        "repo": "nix-index-database",
        "rev": "e740bc4e9d8918d7819a51486d5099930c65c72e",
        "type": "github"
      },
      "original": {
        "owner": "nix-community",
        "repo": "nix-index-database",
        "type": "github"
      }
    },
    "nix-secrets": {
      "flake": false,
      "locked": {
        "lastModified": 1789060848,
        "narHash": "sha256-JVUp/+M+yHWvw3JLDWTHLhRnHjdzpwq4amZi/qJFNnA=",
        "ref": "refs/heads/main",
        "rev": "30add15db16604fdf232aea56f2675571704874c",
        "revCount": 1,
        "type": "git",
        "url": "ssh://git@github.com/yuxqiu/nix-secrets.git"
      },
      "original": {
        "type": "git",
        "url": "ssh://git@github.com/yuxqiu/nix-secrets.git"
      }
    },
    "nix-update-git": {
      "inputs": {
        "nixpkgs": [
          "nixpkgs"
        ]
      },
      "locked": {
        "lastModified": 1788533371,
        "narHash": "sha256-HZVoM2allyz79kCAQEcvAyPKJghk3NGqlmxokiBS7+I=",
        "owner": "yuxqiu",
        "repo": "nix-update-git",
        "rev": "9d6b8ee4d453b8484e234c287f4349efadedeccf",
        "type": "github"
      },
      "original": {
        "owner": "yuxqiu",
        "ref": "v0.7.0",
        "repo": "nix-update-git",
        "type": "github"
      }
    },
    "nix-vscode-extensions": {
      "inputs": {
        "nixpkgs": [
          "nixpkgs"
        ]
      },
      "locked": {
        "lastModified": 1791176327,
        "narHash": "sha256-yk1ENbdMkR35iyrsxBQi2vzArSPHPhgx0rlr7QXAh1U=",
        "owner": "nix-community",
        "repo": "nix-vscode-extensions",
        "rev": "10cb8298d5bf73196c70f7ba25a7aac01d3b9b4f",
        "type": "github"
      },
      "original": {
        "owner": "nix-community",
        "repo": "nix-vscode-extensions",
        "type": "github"
      }
    },
    "nixpkgs": {
      "locked": {
        "lastModified": 1791161550,
        "narHash": "sha256-hUcT0jKmSHN5XgRW3sSEIIlqsVClkVfToluYtOd56ok=",
        "owner": "NixOS",
        "repo": "nixpkgs",
        "rev": "8c6b39505383e6d5dcb431f00cb3597b71f8045c",
        "type": "github"
      },
      "original": {
        "owner": "NixOS",
        "ref": "nixpkgs-unstable",
        "repo": "nixpkgs",
        "type": "github"
      }
    },
    "nixvim": {
      "inputs": {
        "flake-parts": [
          "flake-parts"
        ],
        "nixpkgs": [
          "nixpkgs"
        ],
        "systems": [
          "systems"
        ]
      },
      "locked": {
        "lastModified": 1790928658,
        "narHash": "sha256-EeMn6SmrBe4gnxaMyb3NZYMXG8FPF9PY0OCcbPDFFNI=",
        "owner": "nix-community",
        "repo": "nixvim",
        "rev": "1cdfef1a6eb583d65b606b04fc97687491479d62",
        "type": "github"
      },
      "original": {
        "owner": "nix-community",
        "repo": "nixvim",
        "type": "github"
      }
    },
    "nur": {
      "inputs": {
        "flake-parts": [
          "stylix",
          "flake-parts"
        ],
        "nixpkgs": [
          "stylix",
          "nixpkgs"
        ]
      },
      "locked": {
        "lastModified": 1785549842,
        "narHash": "sha256-DCwBZmGsySF7oKGTRgEv2HvpxVXkHT+38VhTM76k0B4=",
        "owner": "nix-community",
        "repo": "NUR",
        "rev": "a9f987b57594e845e3e5cdd423b9a70846d70308",
        "type": "github"
      },
      "original": {
        "owner": "nix-community",
        "repo": "NUR",
        "type": "github"
      }
    },
    "paseo": {
      "inputs": {
        "nixpkgs": [
          "nixpkgs"
        ]
      },
      "locked": {
        "lastModified": 1791165742,
        "narHash": "sha256-+4gj36Jtbnjqk5X88L8rgCtoBE2fDlcwCSh9Nj76RT4=",
        "owner": "getpaseo",
        "repo": "paseo",
        "rev": "6b00310f7bc12e78260e6212748f50fba9e97a8f",
        "type": "github"
      },
      "original": {
        "owner": "getpaseo",
        "ref": "v0.11.0-beta.4",
        "repo": "paseo",
        "type": "github"
      }
    },
    "quicksnip": {
      "inputs": {
        "flake-utils": "flake-utils_2",
        "nixpkgs": [
          "nixpkgs"
        ],
        "quicksnip-src": "quicksnip-src"
      },
      "locked": {
        "lastModified": 1781091151,
        "narHash": "sha256-ioeCstbstOo2jeAc4MFiC7sTKmw/0MxKTgHpXDSJLCU=",
        "owner": "yuxqiu",
        "repo": "quicksnip-nix",
        "rev": "b624f37486395a8a1b94126513000148e6f1af9a",
        "type": "github"
      },
      "original": {
        "owner": "yuxqiu",
        "repo": "quicksnip-nix",
        "type": "github"
      }
    },
    "quicksnip-src": {
      "flake": false,
      "locked": {
        "lastModified": 1779287503,
        "narHash": "sha256-I5P5+by5R3IUNhcero7OhbwfvESEMLgc4GCrE0GCR3w=",
        "owner": "Ronin-CK",
        "repo": "QuickSnip",
        "rev": "3e1a3130ff36bf2f009dabedbe3d3edb1da7b62e",
        "type": "github"
      },
      "original": {
        "owner": "Ronin-CK",
        "repo": "QuickSnip",
        "type": "github"
      }
    },
    "quillway": {
      "inputs": {
        "crane": "crane",
        "nixpkgs": [
          "nixpkgs"
        ],
        "rust-overlay": [
          "rust-overlay"
        ]
      },
      "locked": {
        "lastModified": 1791123669,
        "narHash": "sha256-xge+wOhpnNVCODhsI+sLKYI7IOGM9zMVp7x/jUeT7EQ=",
        "owner": "yuxqiu",
        "repo": "quillway",
        "rev": "2dfe2f568330854078a603d51c52b47d651b7056",
        "type": "github"
      },
      "original": {
        "owner": "yuxqiu",
        "ref": "v0.1.5",
        "repo": "quillway",
        "type": "github"
      }
    },
    "root": {
      "inputs": {
        "agent-skills-nix": "agent-skills-nix",
        "dank-greeter": "dank-greeter",
        "dankcalendar": "dankcalendar",
        "danksearch": "danksearch",
        "disko": "disko",
        "dms": "dms",
        "dms-plugin-registry": "dms-plugin-registry",
        "edgepad": "edgepad",
        "fingerprint-lid-guard": "fingerprint-lid-guard",
        "flake-parts": "flake-parts",
        "hister": "hister",
        "home-manager": "home-manager",
        "import-tree": "import-tree",
        "llm-agents-nix": "llm-agents-nix",
        "mdbrowse": "mdbrowse",
        "multiverse": "multiverse",
        "nix-flatpak": "nix-flatpak",
        "nix-index-database": "nix-index-database",
        "nix-secrets": "nix-secrets",
        "nix-update-git": "nix-update-git",
        "nix-vscode-extensions": "nix-vscode-extensions",
        "nixpkgs": "nixpkgs",
        "nixvim": "nixvim",
        "paseo": "paseo",
        "quicksnip": "quicksnip",
        "quillway": "quillway",
        "rust-overlay": "rust-overlay",
        "sops-nix": "sops-nix",
        "ssh-agent-ac": "ssh-agent-ac",
        "stylix": "stylix",
        "systems": "systems",
        "tun2proxy": "tun2proxy",
        "xremap": "xremap"
      }
    },
    "rust-overlay": {
      "inputs": {
        "nixpkgs": [
          "nixpkgs"
        ]
      },
      "locked": {
        "lastModified": 1791189933,
        "narHash": "sha256-Y8eN7ki0Urx4Ojf4w1xSpWg8uk/3lJqK+E0Oth77rH0=",
        "owner": "oxalica",
        "repo": "rust-overlay",
        "rev": "e60029353d0c48d216bc4b065168ccd4079c166f",
        "type": "github"
      },
      "original": {
        "owner": "oxalica",
        "repo": "rust-overlay",
        "type": "github"
      }
    },
    "sops-nix": {
      "inputs": {
        "nixpkgs": [
          "nixpkgs"
        ]
      },
      "locked": {
        "lastModified": 1791103873,
        "narHash": "sha256-nFxM+pKoZ8LJAEnUXARyCaOAloWgaW9kZQOSjWzKcTE=",
        "owner": "Mic92",
        "repo": "sops-nix",
        "rev": "dcd241ba97088c22569d1573286e1b9daad340c0",
        "type": "github"
      },
      "original": {
        "owner": "Mic92",
        "repo": "sops-nix",
        "type": "github"
      }
    },
    "ssh-agent-ac": {
      "inputs": {
        "flake-utils": "flake-utils_3",
        "nixpkgs": [
          "nixpkgs"
        ]
      },
      "locked": {
        "lastModified": 1775100674,
        "narHash": "sha256-ebwieb25QOVf8bA/XFX5axMufNbXrbUJfoNR/YfTfPY=",
        "owner": "yuxqiu",
        "repo": "ssh-agent-ac",
        "rev": "5083b8774bd6e9a55803c3c0439c30edfcb3797f",
        "type": "github"
      },
      "original": {
        "owner": "yuxqiu",
        "ref": "v0.2.0",
        "repo": "ssh-agent-ac",
        "type": "github"
      }
    },
    "stylix": {
      "inputs": {
        "base16": "base16",
        "base16-fish": "base16-fish",
        "base16-helix": "base16-helix",
        "base16-vim": "base16-vim",
        "firefox-gnome-theme": "firefox-gnome-theme",
        "flake-parts": [
          "flake-parts"
        ],
        "gnome-shell": "gnome-shell",
        "nixpkgs": [
          "nixpkgs"
        ],
        "nur": "nur",
        "systems": [
          "systems"
        ],
        "tinted-kitty": "tinted-kitty",
        "tinted-schemes": "tinted-schemes",
        "tinted-tmux": "tinted-tmux",
        "tinted-zed": "tinted-zed"
      },
      "locked": {
        "lastModified": 1790880877,
        "narHash": "sha256-j42XqSKOAtuqtfHiElyHre2YS/h3Y3q1DjFnKODN1/k=",
        "owner": "nix-community",
        "repo": "stylix",
        "rev": "7c065d1ed05381fceb2403b963c5ad150f32fe39",
        "type": "github"
      },
      "original": {
        "owner": "nix-community",
        "repo": "stylix",
        "type": "github"
      }
    },
    "systems": {
      "locked": {
        "lastModified": 1776166891,
        "narHash": "sha256-bI8yrEGjrohR5hkQox7UrxDH7XqrYMwI8SL/LrJ1+S8=",
        "owner": "nix-systems",
        "repo": "triplet",
        "rev": "6de7bc09397911ce03636afbcf6118745ab2cda0",
        "type": "github"
      },
      "original": {
        "owner": "nix-systems",
        "repo": "triplet",
        "type": "github"
      }
    },
    "tinted-kitty": {
      "flake": false,
      "locked": {
        "lastModified": 1735730497,
        "narHash": "sha256-4KtB+FiUzIeK/4aHCKce3V9HwRvYaxX+F1edUrfgzb8=",
        "owner": "tinted-theming",
        "repo": "tinted-kitty",
        "rev": "de6f888497f2c6b2279361bfc790f164bfd0f3fa",
        "type": "github"
      },
      "original": {
        "owner": "tinted-theming",
        "repo": "tinted-kitty",
        "type": "github"
      }
    },
    "tinted-schemes": {
      "flake": false,
      "locked": {
        "lastModified": 1785153830,
        "narHash": "sha256-fNdfCTeCXU3tZG3TMincd+u68qBHQgCr2Ljr/M1mWP0=",
        "owner": "tinted-theming",
        "repo": "schemes",
        "rev": "9bd28ed313560db3c5b605c63bc4e309e78e3fc8",
        "type": "github"
      },
      "original": {
        "owner": "tinted-theming",
        "repo": "schemes",
        "type": "github"
      }
    },
    "tinted-tmux": {
      "flake": false,
      "locked": {
        "lastModified": 1785031658,
        "narHash": "sha256-mZp9O2LjzdMzlqQF3l3fjqsuPBzXy+1qTfBEUGjTlpk=",
        "owner": "tinted-theming",
        "repo": "tinted-tmux",
        "rev": "5d2c67f61ea7af36f16865ab6d541cdba41dc257",
        "type": "github"
      },
      "original": {
        "owner": "tinted-theming",
        "repo": "tinted-tmux",
        "type": "github"
      }
    },
    "tinted-zed": {
      "flake": false,
      "locked": {
        "lastModified": 1785030526,
        "narHash": "sha256-klZf8UviewRkxuu74Bhbq6tqy7oxebQC7UVRWbbtQxU=",
        "owner": "tinted-theming",
        "repo": "base16-zed",
        "rev": "16f5a8adf4a6b1310d0a61ab172de963e8f76a02",
        "type": "github"
      },
      "original": {
        "owner": "tinted-theming",
        "repo": "base16-zed",
        "type": "github"
      }
    },
    "treefmt-nix": {
      "inputs": {
        "nixpkgs": [
          "llm-agents-nix",
          "nixpkgs"
        ]
      },
      "locked": {
        "lastModified": 1786901030,
        "narHash": "sha256-WSFCsDSE5ffgD2MqzkM2CYjeFiKhRF/dJUN8uedb6YE=",
        "owner": "numtide",
        "repo": "treefmt-nix",
        "rev": "27b3b12a8e6375f28ebe122f07d230ca5459bbfa",
        "type": "github"
      },
      "original": {
        "owner": "numtide",
        "repo": "treefmt-nix",
        "type": "github"
      }
    },
    "tun2proxy": {
      "inputs": {
        "flake-utils": "flake-utils_4",
        "nixpkgs": [
          "nixpkgs"
        ]
      },
      "locked": {
        "lastModified": 1768733770,
        "narHash": "sha256-75C+haPQHnti2YrJLntsOd8WpuE4YU4/4mS12dEy3YU=",
        "owner": "yuxqiu",
        "repo": "tun2proxy",
        "rev": "39211ae2831a16e10532d810a6642b0a6eef47a8",
        "type": "github"
      },
      "original": {
        "owner": "yuxqiu",
        "repo": "tun2proxy",
        "type": "github"
      }
    },
    "xremap": {
      "inputs": {
        "crane": "crane_2",
        "flake-parts": [
          "flake-parts"
        ],
        "nixpkgs": [
          "nixpkgs"
        ],
        "xremap": "xremap_2"
      },
      "locked": {
        "lastModified": 1790012154,
        "narHash": "sha256-3FLWKPpVAb5ujjc9ZjQB1i1loCBcTydzDmfEV81O4O0=",
        "owner": "xremap",
        "repo": "nix-flake",
        "rev": "9ee9db5bcb1a3ef15b65ab1dcd5a7164657368eb",
        "type": "github"
      },
      "original": {
        "owner": "xremap",
        "repo": "nix-flake",
        "type": "github"
      }
    },
    "xremap_2": {
      "flake": false,
      "locked": {
        "lastModified": 1789212631,
        "narHash": "sha256-EOZjn1mObQV1C4VevrVdSPRdqw0q5vCLxDJOlIR19C4=",
        "owner": "k0kubun",
        "repo": "xremap",
        "rev": "e60bc3290e5b8fb4c8c4e9dada628570e8476cc1",
        "type": "github"
      },
      "original": {
        "owner": "k0kubun",
        "ref": "v0.15.13",
        "repo": "xremap",
        "type": "github"
      }
    }
  },
  "root": "root",
  "version": 7
}
